
Microsoft Visual Studio Solution File, Format Version 12.00
# Visual Studio Version 16
VisualStudioVersion = 16.0.33328.57
MinimumVisualStudioVersion = 10.0.40219.1
Project("{FAE04EC0-301F-11D3-BF4B-00C04F79EFBC}") = "MethodAssignment280", "MethodAssignment280\MethodAssignment280.csproj", "{6E5F2239-131F-4A49-86FB-96C975083FF4}"
EndProject
Global
	GlobalSection(SolutionConfigurationPlatforms) = preSolution
		Debug|Any CPU = Debug|Any CPU
		Release|Any CPU = Release|Any CPU
	EndGlobalSection
	GlobalSection(ProjectConfigurationPlatforms) = postSolution
		{6E5F2239-131F-4A49-86FB-96C975083FF4}.Debug|Any CPU.ActiveCfg = Debug|Any CPU
		{6E5F2239-131F-4A49-86FB-96C975083FF4}.Debug|Any CPU.Build.0 = Debug|Any CPU
		{6E5F2239-131F-4A49-86FB-96C975083FF4}.Release|Any CPU.ActiveCfg = Release|Any CPU
		{6E5F2239-131F-4A49-86FB-96C975083FF4}.Release|Any CPU.Build.0 = Release|Any CPU
	EndGlobalSection
	GlobalSection(SolutionProperties) = preSolution
		HideSolutionNode = FALSE
	EndGlobalSection
	GlobalSection(ExtensibilityGlobals) = postSolution
		SolutionGuid = {529D438F-FDBA-491C-AC79-B8A5CAE3C27B}
	EndGlobalSection
EndGlobal
