
Microsoft Visual Studio Solution File, Format Version 12.00
# Visual Studio Version 16
VisualStudioVersion = 16.0.33328.57
MinimumVisualStudioVersion = 10.0.40219.1
Project("{FAE04EC0-301F-11D3-BF4B-00C04F79EFBC}") = "ParameterAssignment318", "ParameterAssignment318\ParameterAssignment318.csproj", "{72BC0D1F-2769-4C41-BB35-7461EEE2EC8B}"
EndProject
Global
	GlobalSection(SolutionConfigurationPlatforms) = preSolution
		Debug|Any CPU = Debug|Any CPU
		Release|Any CPU = Release|Any CPU
	EndGlobalSection
	GlobalSection(ProjectConfigurationPlatforms) = postSolution
		{72BC0D1F-2769-4C41-BB35-7461EEE2EC8B}.Debug|Any CPU.ActiveCfg = Debug|Any CPU
		{72BC0D1F-2769-4C41-BB35-7461EEE2EC8B}.Debug|Any CPU.Build.0 = Debug|Any CPU
		{72BC0D1F-2769-4C41-BB35-7461EEE2EC8B}.Release|Any CPU.ActiveCfg = Release|Any CPU
		{72BC0D1F-2769-4C41-BB35-7461EEE2EC8B}.Release|Any CPU.Build.0 = Release|Any CPU
	EndGlobalSection
	GlobalSection(SolutionProperties) = preSolution
		HideSolutionNode = FALSE
	EndGlobalSection
	GlobalSection(ExtensibilityGlobals) = postSolution
		SolutionGuid = {8CB69D59-F0BE-441B-BD31-A016F251CC52}
	EndGlobalSection
EndGlobal
