
Microsoft Visual Studio Solution File, Format Version 12.00
# Visual Studio Version 16
VisualStudioVersion = 16.0.33328.57
MinimumVisualStudioVersion = 10.0.40219.1
Project("{FAE04EC0-301F-11D3-BF4B-00C04F79EFBC}") = "WebForms439", "WebForms439\WebForms439.csproj", "{CF378F87-2E95-449E-BE34-CF0B90C017D4}"
EndProject
Global
	GlobalSection(SolutionConfigurationPlatforms) = preSolution
		Debug|Any CPU = Debug|Any CPU
		Release|Any CPU = Release|Any CPU
	EndGlobalSection
	GlobalSection(ProjectConfigurationPlatforms) = postSolution
		{CF378F87-2E95-449E-BE34-CF0B90C017D4}.Debug|Any CPU.ActiveCfg = Debug|Any CPU
		{CF378F87-2E95-449E-BE34-CF0B90C017D4}.Debug|Any CPU.Build.0 = Debug|Any CPU
		{CF378F87-2E95-449E-BE34-CF0B90C017D4}.Release|Any CPU.ActiveCfg = Release|Any CPU
		{CF378F87-2E95-449E-BE34-CF0B90C017D4}.Release|Any CPU.Build.0 = Release|Any CPU
	EndGlobalSection
	GlobalSection(SolutionProperties) = preSolution
		HideSolutionNode = FALSE
	EndGlobalSection
	GlobalSection(ExtensibilityGlobals) = postSolution
		SolutionGuid = {A7AEBD82-7A1E-4D09-B126-36A2D088831B}
	EndGlobalSection
EndGlobal
