
Microsoft Visual Studio Solution File, Format Version 12.00
# Visual Studio Version 16
VisualStudioVersion = 16.0.33328.57
MinimumVisualStudioVersion = 10.0.40219.1
Project("{FAE04EC0-301F-11D3-BF4B-00C04F79EFBC}") = "AbstractClass302", "AbstractClass302\AbstractClass302.csproj", "{A1C888BA-7081-4628-A867-7217D2BB5B9B}"
EndProject
Global
	GlobalSection(SolutionConfigurationPlatforms) = preSolution
		Debug|Any CPU = Debug|Any CPU
		Release|Any CPU = Release|Any CPU
	EndGlobalSection
	GlobalSection(ProjectConfigurationPlatforms) = postSolution
		{A1C888BA-7081-4628-A867-7217D2BB5B9B}.Debug|Any CPU.ActiveCfg = Debug|Any CPU
		{A1C888BA-7081-4628-A867-7217D2BB5B9B}.Debug|Any CPU.Build.0 = Debug|Any CPU
		{A1C888BA-7081-4628-A867-7217D2BB5B9B}.Release|Any CPU.ActiveCfg = Release|Any CPU
		{A1C888BA-7081-4628-A867-7217D2BB5B9B}.Release|Any CPU.Build.0 = Release|Any CPU
	EndGlobalSection
	GlobalSection(SolutionProperties) = preSolution
		HideSolutionNode = FALSE
	EndGlobalSection
	GlobalSection(ExtensibilityGlobals) = postSolution
		SolutionGuid = {E16664DC-5215-4B84-9D00-B6948520FF96}
	EndGlobalSection
EndGlobal
