
Microsoft Visual Studio Solution File, Format Version 12.00
# Visual Studio Version 16
VisualStudioVersion = 16.0.33328.57
MinimumVisualStudioVersion = 10.0.40219.1
Project("{FAE04EC0-301F-11D3-BF4B-00C04F79EFBC}") = "TryCatch390", "TryCatch390\TryCatch390.csproj", "{55496C51-C060-4EC4-8F2D-D6B950F478BD}"
EndProject
Global
	GlobalSection(SolutionConfigurationPlatforms) = preSolution
		Debug|Any CPU = Debug|Any CPU
		Release|Any CPU = Release|Any CPU
	EndGlobalSection
	GlobalSection(ProjectConfigurationPlatforms) = postSolution
		{55496C51-C060-4EC4-8F2D-D6B950F478BD}.Debug|Any CPU.ActiveCfg = Debug|Any CPU
		{55496C51-C060-4EC4-8F2D-D6B950F478BD}.Debug|Any CPU.Build.0 = Debug|Any CPU
		{55496C51-C060-4EC4-8F2D-D6B950F478BD}.Release|Any CPU.ActiveCfg = Release|Any CPU
		{55496C51-C060-4EC4-8F2D-D6B950F478BD}.Release|Any CPU.Build.0 = Release|Any CPU
	EndGlobalSection
	GlobalSection(SolutionProperties) = preSolution
		HideSolutionNode = FALSE
	EndGlobalSection
	GlobalSection(ExtensibilityGlobals) = postSolution
		SolutionGuid = {4B6E3776-9EE2-474D-9C6E-CC12825365A0}
	EndGlobalSection
EndGlobal
