
Microsoft Visual Studio Solution File, Format Version 12.00
# Visual Studio Version 16
VisualStudioVersion = 16.0.33328.57
MinimumVisualStudioVersion = 10.0.40219.1
Project("{FAE04EC0-301F-11D3-BF4B-00C04F79EFBC}") = "Hello World", "Hello World\Hello World.csproj", "{2910595A-4119-4152-BC70-29FCD8A7BB0B}"
EndProject
Global
	GlobalSection(SolutionConfigurationPlatforms) = preSolution
		Debug|Any CPU = Debug|Any CPU
		Release|Any CPU = Release|Any CPU
	EndGlobalSection
	GlobalSection(ProjectConfigurationPlatforms) = postSolution
		{2910595A-4119-4152-BC70-29FCD8A7BB0B}.Debug|Any CPU.ActiveCfg = Debug|Any CPU
		{2910595A-4119-4152-BC70-29FCD8A7BB0B}.Debug|Any CPU.Build.0 = Debug|Any CPU
		{2910595A-4119-4152-BC70-29FCD8A7BB0B}.Release|Any CPU.ActiveCfg = Release|Any CPU
		{2910595A-4119-4152-BC70-29FCD8A7BB0B}.Release|Any CPU.Build.0 = Release|Any CPU
	EndGlobalSection
	GlobalSection(SolutionProperties) = preSolution
		HideSolutionNode = FALSE
	EndGlobalSection
	GlobalSection(ExtensibilityGlobals) = postSolution
		SolutionGuid = {8EC0A245-A014-40AC-B7CD-D53A8781BC15}
	EndGlobalSection
EndGlobal
