
Microsoft Visual Studio Solution File, Format Version 12.00
# Visual Studio Version 16
VisualStudioVersion = 16.0.33328.57
MinimumVisualStudioVersion = 10.0.40219.1
Project("{FAE04EC0-301F-11D3-BF4B-00C04F79EFBC}") = "MainMethodAssign279", "MainMethodAssign279\MainMethodAssign279.csproj", "{8B29CAAC-D0C8-4165-B585-2460117A394F}"
EndProject
Global
	GlobalSection(SolutionConfigurationPlatforms) = preSolution
		Debug|Any CPU = Debug|Any CPU
		Release|Any CPU = Release|Any CPU
	EndGlobalSection
	GlobalSection(ProjectConfigurationPlatforms) = postSolution
		{8B29CAAC-D0C8-4165-B585-2460117A394F}.Debug|Any CPU.ActiveCfg = Debug|Any CPU
		{8B29CAAC-D0C8-4165-B585-2460117A394F}.Debug|Any CPU.Build.0 = Debug|Any CPU
		{8B29CAAC-D0C8-4165-B585-2460117A394F}.Release|Any CPU.ActiveCfg = Release|Any CPU
		{8B29CAAC-D0C8-4165-B585-2460117A394F}.Release|Any CPU.Build.0 = Release|Any CPU
	EndGlobalSection
	GlobalSection(SolutionProperties) = preSolution
		HideSolutionNode = FALSE
	EndGlobalSection
	GlobalSection(ExtensibilityGlobals) = postSolution
		SolutionGuid = {A12CB335-16A4-4E26-A167-4416F853E6AA}
	EndGlobalSection
EndGlobal
