
Microsoft Visual Studio Solution File, Format Version 12.00
# Visual Studio Version 16
VisualStudioVersion = 16.0.33328.57
MinimumVisualStudioVersion = 10.0.40219.1
Project("{FAE04EC0-301F-11D3-BF4B-00C04F79EFBC}") = "IterateArray6Assignment250", "IterateArray6Assignment250\IterateArray6Assignment250.csproj", "{43373F80-EDFE-45D7-A2B0-24351E601DF3}"
EndProject
Global
	GlobalSection(SolutionConfigurationPlatforms) = preSolution
		Debug|Any CPU = Debug|Any CPU
		Release|Any CPU = Release|Any CPU
	EndGlobalSection
	GlobalSection(ProjectConfigurationPlatforms) = postSolution
		{43373F80-EDFE-45D7-A2B0-24351E601DF3}.Debug|Any CPU.ActiveCfg = Debug|Any CPU
		{43373F80-EDFE-45D7-A2B0-24351E601DF3}.Debug|Any CPU.Build.0 = Debug|Any CPU
		{43373F80-EDFE-45D7-A2B0-24351E601DF3}.Release|Any CPU.ActiveCfg = Release|Any CPU
		{43373F80-EDFE-45D7-A2B0-24351E601DF3}.Release|Any CPU.Build.0 = Release|Any CPU
	EndGlobalSection
	GlobalSection(SolutionProperties) = preSolution
		HideSolutionNode = FALSE
	EndGlobalSection
	GlobalSection(ExtensibilityGlobals) = postSolution
		SolutionGuid = {63865A9E-E9FC-4ADD-B5F2-961540E6066F}
	EndGlobalSection
EndGlobal
