
Microsoft Visual Studio Solution File, Format Version 12.00
# Visual Studio Version 16
VisualStudioVersion = 16.0.33328.57
MinimumVisualStudioVersion = 10.0.40219.1
Project("{FAE04EC0-301F-11D3-BF4B-00C04F79EFBC}") = "MathComparisonOperators1", "MathComparisonOperations1\MathComparisonOperators1.csproj", "{206843A0-E772-45CE-AEA4-94581033FD9D}"
EndProject
Global
	GlobalSection(SolutionConfigurationPlatforms) = preSolution
		Debug|Any CPU = Debug|Any CPU
		Release|Any CPU = Release|Any CPU
	EndGlobalSection
	GlobalSection(ProjectConfigurationPlatforms) = postSolution
		{206843A0-E772-45CE-AEA4-94581033FD9D}.Debug|Any CPU.ActiveCfg = Debug|Any CPU
		{206843A0-E772-45CE-AEA4-94581033FD9D}.Debug|Any CPU.Build.0 = Debug|Any CPU
		{206843A0-E772-45CE-AEA4-94581033FD9D}.Release|Any CPU.ActiveCfg = Release|Any CPU
		{206843A0-E772-45CE-AEA4-94581033FD9D}.Release|Any CPU.Build.0 = Release|Any CPU
	EndGlobalSection
	GlobalSection(SolutionProperties) = preSolution
		HideSolutionNode = FALSE
	EndGlobalSection
	GlobalSection(ExtensibilityGlobals) = postSolution
		SolutionGuid = {950F3C73-0E65-4BB1-8023-808DC0CEA62F}
	EndGlobalSection
EndGlobal
