
Microsoft Visual Studio Solution File, Format Version 12.00
# Visual Studio Version 16
VisualStudioVersion = 16.0.33328.57
MinimumVisualStudioVersion = 10.0.40219.1
Project("{FAE04EC0-301F-11D3-BF4B-00C04F79EFBC}") = "DateTime370", "DateTime370\DateTime370.csproj", "{4FF01D40-ACF6-4A6D-B6ED-C8009FB28D13}"
EndProject
Global
	GlobalSection(SolutionConfigurationPlatforms) = preSolution
		Debug|Any CPU = Debug|Any CPU
		Release|Any CPU = Release|Any CPU
	EndGlobalSection
	GlobalSection(ProjectConfigurationPlatforms) = postSolution
		{4FF01D40-ACF6-4A6D-B6ED-C8009FB28D13}.Debug|Any CPU.ActiveCfg = Debug|Any CPU
		{4FF01D40-ACF6-4A6D-B6ED-C8009FB28D13}.Debug|Any CPU.Build.0 = Debug|Any CPU
		{4FF01D40-ACF6-4A6D-B6ED-C8009FB28D13}.Release|Any CPU.ActiveCfg = Release|Any CPU
		{4FF01D40-ACF6-4A6D-B6ED-C8009FB28D13}.Release|Any CPU.Build.0 = Release|Any CPU
	EndGlobalSection
	GlobalSection(SolutionProperties) = preSolution
		HideSolutionNode = FALSE
	EndGlobalSection
	GlobalSection(ExtensibilityGlobals) = postSolution
		SolutionGuid = {6476B3EA-80D4-4E05-A6B8-06413C668B11}
	EndGlobalSection
EndGlobal
