
Microsoft Visual Studio Solution File, Format Version 12.00
# Visual Studio Version 16
VisualStudioVersion = 16.0.33328.57
MinimumVisualStudioVersion = 10.0.40219.1
Project("{FAE04EC0-301F-11D3-BF4B-00C04F79EFBC}") = "MathBasics", "MathBasics\MathBasics.csproj", "{83ADA8E8-7811-4902-B314-B6C177CE55B7}"
EndProject
Global
	GlobalSection(SolutionConfigurationPlatforms) = preSolution
		Debug|Any CPU = Debug|Any CPU
		Release|Any CPU = Release|Any CPU
	EndGlobalSection
	GlobalSection(ProjectConfigurationPlatforms) = postSolution
		{83ADA8E8-7811-4902-B314-B6C177CE55B7}.Debug|Any CPU.ActiveCfg = Debug|Any CPU
		{83ADA8E8-7811-4902-B314-B6C177CE55B7}.Debug|Any CPU.Build.0 = Debug|Any CPU
		{83ADA8E8-7811-4902-B314-B6C177CE55B7}.Release|Any CPU.ActiveCfg = Release|Any CPU
		{83ADA8E8-7811-4902-B314-B6C177CE55B7}.Release|Any CPU.Build.0 = Release|Any CPU
	EndGlobalSection
	GlobalSection(SolutionProperties) = preSolution
		HideSolutionNode = FALSE
	EndGlobalSection
	GlobalSection(ExtensibilityGlobals) = postSolution
		SolutionGuid = {57394D1B-EF46-4149-B4EA-0B675BCCA17F}
	EndGlobalSection
EndGlobal
