
Microsoft Visual Studio Solution File, Format Version 12.00
# Visual Studio Version 16
VisualStudioVersion = 16.0.33328.57
MinimumVisualStudioVersion = 10.0.40219.1
Project("{FAE04EC0-301F-11D3-BF4B-00C04F79EFBC}") = "MvcTutorial444", "MvcTutorial444\MvcTutorial444.csproj", "{5D0E4DE0-01B0-4D51-BB27-573572DB4D34}"
EndProject
Global
	GlobalSection(SolutionConfigurationPlatforms) = preSolution
		Debug|Any CPU = Debug|Any CPU
		Release|Any CPU = Release|Any CPU
	EndGlobalSection
	GlobalSection(ProjectConfigurationPlatforms) = postSolution
		{5D0E4DE0-01B0-4D51-BB27-573572DB4D34}.Debug|Any CPU.ActiveCfg = Debug|Any CPU
		{5D0E4DE0-01B0-4D51-BB27-573572DB4D34}.Debug|Any CPU.Build.0 = Debug|Any CPU
		{5D0E4DE0-01B0-4D51-BB27-573572DB4D34}.Release|Any CPU.ActiveCfg = Release|Any CPU
		{5D0E4DE0-01B0-4D51-BB27-573572DB4D34}.Release|Any CPU.Build.0 = Release|Any CPU
	EndGlobalSection
	GlobalSection(SolutionProperties) = preSolution
		HideSolutionNode = FALSE
	EndGlobalSection
	GlobalSection(ExtensibilityGlobals) = postSolution
		SolutionGuid = {7BC901E6-45AF-4778-8DD8-1FE01AEA9A00}
	EndGlobalSection
EndGlobal
