
Microsoft Visual Studio Solution File, Format Version 12.00
# Visual Studio Version 16
VisualStudioVersion = 16.0.33328.57
MinimumVisualStudioVersion = 10.0.40219.1
Project("{FAE04EC0-301F-11D3-BF4B-00C04F79EFBC}") = "VariablesAndDataTypes.cs", "VariablesAndDataTypes.cs\VariablesAndDataTypes.cs.csproj", "{15A688C6-FFA8-4832-8FDF-718B3B9FC581}"
EndProject
Global
	GlobalSection(SolutionConfigurationPlatforms) = preSolution
		Debug|Any CPU = Debug|Any CPU
		Release|Any CPU = Release|Any CPU
	EndGlobalSection
	GlobalSection(ProjectConfigurationPlatforms) = postSolution
		{15A688C6-FFA8-4832-8FDF-718B3B9FC581}.Debug|Any CPU.ActiveCfg = Debug|Any CPU
		{15A688C6-FFA8-4832-8FDF-718B3B9FC581}.Debug|Any CPU.Build.0 = Debug|Any CPU
		{15A688C6-FFA8-4832-8FDF-718B3B9FC581}.Release|Any CPU.ActiveCfg = Release|Any CPU
		{15A688C6-FFA8-4832-8FDF-718B3B9FC581}.Release|Any CPU.Build.0 = Release|Any CPU
	EndGlobalSection
	GlobalSection(SolutionProperties) = preSolution
		HideSolutionNode = FALSE
	EndGlobalSection
	GlobalSection(ExtensibilityGlobals) = postSolution
		SolutionGuid = {DEC43B70-31CA-4111-B1DB-5D1A5177B938}
	EndGlobalSection
EndGlobal
