
Microsoft Visual Studio Solution File, Format Version 12.00
# Visual Studio Version 16
VisualStudioVersion = 16.0.33328.57
MinimumVisualStudioVersion = 10.0.40219.1
Project("{FAE04EC0-301F-11D3-BF4B-00C04F79EFBC}") = "InsuranceApproval199", "InsuranceApproval199\InsuranceApproval199.csproj", "{9A5FD598-E6F8-4E85-9289-18B5EDEBD9FB}"
EndProject
Global
	GlobalSection(SolutionConfigurationPlatforms) = preSolution
		Debug|Any CPU = Debug|Any CPU
		Release|Any CPU = Release|Any CPU
	EndGlobalSection
	GlobalSection(ProjectConfigurationPlatforms) = postSolution
		{9A5FD598-E6F8-4E85-9289-18B5EDEBD9FB}.Debug|Any CPU.ActiveCfg = Debug|Any CPU
		{9A5FD598-E6F8-4E85-9289-18B5EDEBD9FB}.Debug|Any CPU.Build.0 = Debug|Any CPU
		{9A5FD598-E6F8-4E85-9289-18B5EDEBD9FB}.Release|Any CPU.ActiveCfg = Release|Any CPU
		{9A5FD598-E6F8-4E85-9289-18B5EDEBD9FB}.Release|Any CPU.Build.0 = Release|Any CPU
	EndGlobalSection
	GlobalSection(SolutionProperties) = preSolution
		HideSolutionNode = FALSE
	EndGlobalSection
	GlobalSection(ExtensibilityGlobals) = postSolution
		SolutionGuid = {AC54BAD0-6D53-4E9A-8911-FDB77AF621B5}
	EndGlobalSection
EndGlobal
