
Microsoft Visual Studio Solution File, Format Version 12.00
# Visual Studio Version 16
VisualStudioVersion = 16.0.33328.57
MinimumVisualStudioVersion = 10.0.40219.1
Project("{FAE04EC0-301F-11D3-BF4B-00C04F79EFBC}") = "LoopsSwitchCaseBreak", "SwitchCaseBreak\LoopsSwitchCaseBreak.csproj", "{ED168656-4127-4905-A59E-649B6955EB8D}"
EndProject
Global
	GlobalSection(SolutionConfigurationPlatforms) = preSolution
		Debug|Any CPU = Debug|Any CPU
		Release|Any CPU = Release|Any CPU
	EndGlobalSection
	GlobalSection(ProjectConfigurationPlatforms) = postSolution
		{ED168656-4127-4905-A59E-649B6955EB8D}.Debug|Any CPU.ActiveCfg = Debug|Any CPU
		{ED168656-4127-4905-A59E-649B6955EB8D}.Debug|Any CPU.Build.0 = Debug|Any CPU
		{ED168656-4127-4905-A59E-649B6955EB8D}.Release|Any CPU.ActiveCfg = Release|Any CPU
		{ED168656-4127-4905-A59E-649B6955EB8D}.Release|Any CPU.Build.0 = Release|Any CPU
	EndGlobalSection
	GlobalSection(SolutionProperties) = preSolution
		HideSolutionNode = FALSE
	EndGlobalSection
	GlobalSection(ExtensibilityGlobals) = postSolution
		SolutionGuid = {F04C4AC2-DA79-4C7F-B8A2-031B8B4EB7AE}
	EndGlobalSection
EndGlobal
