
Microsoft Visual Studio Solution File, Format Version 12.00
# Visual Studio Version 16
VisualStudioVersion = 16.0.33328.57
MinimumVisualStudioVersion = 10.0.40219.1
Project("{FAE04EC0-301F-11D3-BF4B-00C04F79EFBC}") = "Scores525", "Scores525\Scores525.csproj", "{AF6EEC89-D391-4027-9110-6F41F2A39417}"
EndProject
Global
	GlobalSection(SolutionConfigurationPlatforms) = preSolution
		Debug|Any CPU = Debug|Any CPU
		Release|Any CPU = Release|Any CPU
	EndGlobalSection
	GlobalSection(ProjectConfigurationPlatforms) = postSolution
		{AF6EEC89-D391-4027-9110-6F41F2A39417}.Debug|Any CPU.ActiveCfg = Debug|Any CPU
		{AF6EEC89-D391-4027-9110-6F41F2A39417}.Debug|Any CPU.Build.0 = Debug|Any CPU
		{AF6EEC89-D391-4027-9110-6F41F2A39417}.Release|Any CPU.ActiveCfg = Release|Any CPU
		{AF6EEC89-D391-4027-9110-6F41F2A39417}.Release|Any CPU.Build.0 = Release|Any CPU
	EndGlobalSection
	GlobalSection(SolutionProperties) = preSolution
		HideSolutionNode = FALSE
	EndGlobalSection
	GlobalSection(ExtensibilityGlobals) = postSolution
		SolutionGuid = {C78CD282-F953-43D0-AA88-B11F30B98B93}
	EndGlobalSection
EndGlobal
